
Microsoft Visual Studio Solution File, Format Version 12.00
# Visual Studio Version 17
VisualStudioVersion = 17.7.34202.233
MinimumVisualStudioVersion = 10.0.40219.1
Project("{9A19103F-16F7-4668-BE54-9A1E7A4F7556}") = "TestFor302", "TestFor302\TestFor302.csproj", "{536E3CF6-A8EA-4199-96F7-F8681D609D59}"
EndProject
Global
	GlobalSection(SolutionConfigurationPlatforms) = preSolution
		Debug|Any CPU = Debug|Any CPU
		Release|Any CPU = Release|Any CPU
	EndGlobalSection
	GlobalSection(ProjectConfigurationPlatforms) = postSolution
		{536E3CF6-A8EA-4199-96F7-F8681D609D59}.Debug|Any CPU.ActiveCfg = Debug|Any CPU
		{536E3CF6-A8EA-4199-96F7-F8681D609D59}.Debug|Any CPU.Build.0 = Debug|Any CPU
		{536E3CF6-A8EA-4199-96F7-F8681D609D59}.Release|Any CPU.ActiveCfg = Release|Any CPU
		{536E3CF6-A8EA-4199-96F7-F8681D609D59}.Release|Any CPU.Build.0 = Release|Any CPU
	EndGlobalSection
	GlobalSection(SolutionProperties) = preSolution
		HideSolutionNode = FALSE
	EndGlobalSection
	GlobalSection(ExtensibilityGlobals) = postSolution
		SolutionGuid = {BB4CC0E2-0E92-463A-A21A-FAC53EC7BCDE}
	EndGlobalSection
EndGlobal
